// !$*UTF8*$!
{
	archiveVersion = 1;
	classes = {
	};
	objectVersion = 48;
	objects = {

/* Begin PBXBuildFile section */
		F0BAEFE51F91173E0073BDE9 /* AppDelegate.swift in Sources */ = {isa = PBXBuildFile; fileRef = F0BAEFE41F91173E0073BDE9 /* AppDelegate.swift */; };
		F0BAEFE71F91173E0073BDE9 /* ViewController.swift in Sources */ = {isa = PBXBuildFile; fileRef = F0BAEFE61F91173E0073BDE9 /* ViewController.swift */; };
		F0BAEFEA1F91173E0073BDE9 /* Main.storyboard in Resources */ = {isa = PBXBuildFile; fileRef = F0BAEFE81F91173E0073BDE9 /* Main.storyboard */; };
		F0BAEFEC1F91173E0073BDE9 /* Assets.xcassets in Resources */ = {isa = PBXBuildFile; fileRef = F0BAEFEB1F91173E0073BDE9 /* Assets.xcassets */; };
		F0BAEFEF1F91173E0073BDE9 /* LaunchScreen.storyboard in Resources */ = {isa = PBXBuildFile; fileRef = F0BAEFED1F91173E0073BDE9 /* LaunchScreen.storyboard */; };
/* End PBXBuildFile section */

/* Begin PBXFileReference section */
		F0BAEFE11F91173E0073BDE9 /* SwiftForManga.app */ = {isa = PBXFileReference; explicitFileType = wrapper.application; includeInIndex = 0; path = SwiftForManga.app; sourceTree = BUILT_PRODUCTS_DIR; };
		F0BAEFE41F91173E0073BDE9 /* AppDelegate.swift */ = {isa = PBXFileReference; lastKnownFileType = sourcecode.swift; path = AppDelegate.swift; sourceTree = "<group>"; };
		F0BAEFE61F91173E0073BDE9 /* ViewController.swift */ = {isa = PBXFileReference; lastKnownFileType = sourcecode.swift; path = ViewController.swift; sourceTree = "<group>"; };
		F0BAEFE91F91173E0073BDE9 /* Base */ = {isa = PBXFileReference; lastKnownFileType = file.storyboard; name = Base; path = Base.lproj/Main.storyboard; sourceTree = "<group>"; };
		F0BAEFEB1F91173E0073BDE9 /* Assets.xcassets */ = {isa = PBXFileReference; lastKnownFileType = folder.assetcatalog; path = Assets.xcassets; sourceTree = "<group>"; };
		F0BAEFEE1F91173E0073BDE9 /* Base */ = {isa = PBXFileReference; lastKnownFileType = file.storyboard; name = Base; path = Base.lproj/LaunchScreen.storyboard; sourceTree = "<group>"; };
		F0BAEFF01F91173E0073BDE9 /* Info.plist */ = {isa = PBXFileReference; lastKnownFileType = text.plist.xml; path = Info.plist; sourceTree = "<group>"; };
		F0BAEFF71F9117B10073BDE9 /* dash4.png */ = {isa = PBXFileReference; lastKnownFileType = image.png; path = dash4.png; sourceTree = "<group>"; };
		F0BAEFF81F9117B10073BDE9 /* dash3.png */ = {isa = PBXFileReference; lastKnownFileType = image.png; path = dash3.png; sourceTree = "<group>"; };
		F0BAEFF91F9117B10073BDE9 /* dash2.png */ = {isa = PBXFileReference; lastKnownFileType = image.png; path = dash2.png; sourceTree = "<group>"; };
		F0BAEFFA1F9117B10073BDE9 /* dash0.png */ = {isa = PBXFileReference; lastKnownFileType = image.png; path = dash0.png; sourceTree = "<group>"; };
		F0BAEFFB1F9117B20073BDE9 /* dash5.png */ = {isa = PBXFileReference; lastKnownFileType = image.png; path = dash5.png; sourceTree = "<group>"; };
		F0BAEFFC1F9117B20073BDE9 /* dash1.png */ = {isa = PBXFileReference; lastKnownFileType = image.png; path = dash1.png; sourceTree = "<group>"; };
		F0BAEFFE1F9118E10073BDE9 /* start.png */ = {isa = PBXFileReference; lastKnownFileType = image.png; path = start.png; sourceTree = "<group>"; };
		F0BAEFFF1F9118E10073BDE9 /* stop.png */ = {isa = PBXFileReference; lastKnownFileType = image.png; path = stop.png; sourceTree = "<group>"; };
/* End PBXFileReference section */

/* Begin PBXFrameworksBuildPhase section */
		F0BAEFDE1F91173E0073BDE9 /* Frameworks */ = {
			isa = PBXFrameworksBuildPhase;
			buildActionMask = 2147483647;
			files = (
			);
			runOnlyForDeploymentPostprocessing = 0;
		};
/* End PBXFrameworksBuildPhase section */

/* Begin PBXGroup section */
		F0BAEFD81F91173E0073BDE9 = {
			isa = PBXGroup;
			children = (
				F0BAEFE31F91173E0073BDE9 /* SwiftForManga */,
				F0BAEFE21F91173E0073BDE9 /* Products */,
			);
			sourceTree = "<group>";
		};
		F0BAEFE21F91173E0073BDE9 /* Products */ = {
			isa = PBXGroup;
			children = (
				F0BAEFE11F91173E0073BDE9 /* SwiftForManga.app */,
			);
			name = Products;
			sourceTree = "<group>";
		};
		F0BAEFE31F91173E0073BDE9 /* SwiftForManga */ = {
			isa = PBXGroup;
			children = (
				F0BAEFFA1F9117B10073BDE9 /* dash0.png */,
				F0BAEFFC1F9117B20073BDE9 /* dash1.png */,
				F0BAEFF91F9117B10073BDE9 /* dash2.png */,
				F0BAEFF81F9117B10073BDE9 /* dash3.png */,
				F0BAEFF71F9117B10073BDE9 /* dash4.png */,
				F0BAEFFB1F9117B20073BDE9 /* dash5.png */,
				F0BAEFFE1F9118E10073BDE9 /* start.png */,
				F0BAEFFF1F9118E10073BDE9 /* stop.png */,
				F0BAEFE41F91173E0073BDE9 /* AppDelegate.swift */,
				F0BAEFE61F91173E0073BDE9 /* ViewController.swift */,
				F0BAEFE81F91173E0073BDE9 /* Main.storyboard */,
				F0BAEFEB1F91173E0073BDE9 /* Assets.xcassets */,
				F0BAEFED1F91173E0073BDE9 /* LaunchScreen.storyboard */,
				F0BAEFF01F91173E0073BDE9 /* Info.plist */,
			);
			path = SwiftForManga;
			sourceTree = "<group>";
		};
/* End PBXGroup section */

/* Begin PBXNativeTarget section */
		F0BAEFE01F91173E0073BDE9 /* SwiftForManga */ = {
			isa = PBXNativeTarget;
			buildConfigurationList = F0BAEFF31F91173E0073BDE9 /* Build configuration list for PBXNativeTarget "SwiftForManga" */;
			buildPhases = (
				F0BAEFDD1F91173E0073BDE9 /* Sources */,
				F0BAEFDE1F91173E0073BDE9 /* Frameworks */,
				F0BAEFDF1F91173E0073BDE9 /* Resources */,
			);
			buildRules = (
			);
			dependencies = (
			);
			name = SwiftForManga;
			productName = SwiftForManga;
			productReference = F0BAEFE11F91173E0073BDE9 /* SwiftForManga.app */;
			productType = "com.apple.product-type.application";
		};
/* End PBXNativeTarget section */

/* Begin PBXProject section */
		F0BAEFD91F91173E0073BDE9 /* Project object */ = {
			isa = PBXProject;
			attributes = {
				LastSwiftUpdateCheck = 0900;
				LastUpgradeCheck = 0900;
				ORGANIZATIONNAME = "高橋智彦";
				TargetAttributes = {
					F0BAEFE01F91173E0073BDE9 = {
						CreatedOnToolsVersion = 9.0;
						ProvisioningStyle = Automatic;
					};
				};
			};
			buildConfigurationList = F0BAEFDC1F91173E0073BDE9 /* Build configuration list for PBXProject "SwiftForManga" */;
			compatibilityVersion = "Xcode 8.0";
			developmentRegion = en;
			hasScannedForEncodings = 0;
			knownRegions = (
				en,
				Base,
			);
			mainGroup = F0BAEFD81F91173E0073BDE9;
			productRefGroup = F0BAEFE21F91173E0073BDE9 /* Products */;
			projectDirPath = "";
			projectRoot = "";
			targets = (
				F0BAEFE01F91173E0073BDE9 /* SwiftForManga */,
			);
		};
/* End PBXProject section */

/* Begin PBXResourcesBuildPhase section */
		F0BAEFDF1F91173E0073BDE9 /* Resources */ = {
			isa = PBXResourcesBuildPhase;
			buildActionMask = 2147483647;
			files = (
				F0BAEFEF1F91173E0073BDE9 /* LaunchScreen.storyboard in Resources */,
				F0BAEFEC1F91173E0073BDE9 /* Assets.xcassets in Resources */,
				F0BAEFEA1F91173E0073BDE9 /* Main.storyboard in Resources */,
			);
			runOnlyForDeploymentPostprocessing = 0;
		};
/* End PBXResourcesBuildPhase section */

/* Begin PBXSourcesBuildPhase section */
		F0BAEFDD1F91173E0073BDE9 /* Sources */ = {
			isa = PBXSourcesBuildPhase;
			buildActionMask = 2147483647;
			files = (
				F0BAEFE71F91173E0073BDE9 /* ViewController.swift in Sources */,
				F0BAEFE51F91173E0073BDE9 /* AppDelegate.swift in Sources */,
			);
			runOnlyForDeploymentPostprocessing = 0;
		};
/* End PBXSourcesBuildPhase section */

/* Begin PBXVariantGroup section */
		F0BAEFE81F91173E0073BDE9 /* Main.storyboard */ = {
			isa = PBXVariantGroup;
			children = (
				F0BAEFE91F91173E0073BDE9 /* Base */,
			);
			name = Main.storyboard;
			sourceTree = "<group>";
		};
		F0BAEFED1F91173E0073BDE9 /* LaunchScreen.storyboard */ = {
			isa = PBXVariantGroup;
			children = (
				F0BAEFEE1F91173E0073BDE9 /* Base */,
			);
			name = LaunchScreen.storyboard;
			sourceTree = "<group>";
		};
/* End PBXVariantGroup section */

/* Begin XCBuildConfiguration section */
		F0BAEFF11F91173E0073BDE9 /* Debug */ = {
			isa = XCBuildConfiguration;
			buildSettings = {
				ALWAYS_SEARCH_USER_PATHS = NO;
				CLANG_ANALYZER_NONNULL = YES;
				CLANG_ANALYZER_NUMBER_OBJECT_CONVERSION = YES_AGGRESSIVE;
				CLANG_CXX_LANGUAGE_STANDARD = "gnu++14";
				CLANG_CXX_LIBRARY = "libc++";
				CLANG_ENABLE_MODULES = YES;
				CLANG_ENABLE_OBJC_ARC = YES;
				CLANG_WARN_BLOCK_CAPTURE_AUTORELEASING = YES;
				CLANG_WARN_BOOL_CONVERSION = YES;
				CLANG_WARN_COMMA = YES;
				CLANG_WARN_CONSTANT_CONVERSION = YES;
				CLANG_WARN_DIRECT_OBJC_ISA_USAGE = YES_ERROR;
				CLANG_WARN_DOCUMENTATION_COMMENTS = YES;
				CLANG_WARN_EMPTY_BODY = YES;
				CLANG_WARN_ENUM_CONVERSION = YES;
				CLANG_WARN_INFINITE_RECURSION = YES;
				CLANG_WARN_INT_CONVERSION = YES;
				CLANG_WARN_NON_LITERAL_NULL_CONVERSION = YES;
				CLANG_WARN_OBJC_LITERAL_CONVERSION = YES;
				CLANG_WARN_OBJC_ROOT_CLASS = YES_ERROR;
				CLANG_WARN_RANGE_LOOP_ANALYSIS = YES;
				CLANG_WARN_STRICT_PROTOTYPES = YES;
				CLANG_WARN_SUSPICIOUS_MOVE = YES;
				CLANG_WARN_UNGUARDED_AVAILABILITY = YES_AGGRESSIVE;
				CLANG_WARN_UNREACHABLE_CODE = YES;
				CLANG_WARN__DUPLICATE_METHOD_MATCH = YES;
				CODE_SIGN_IDENTITY = "iPhone Developer";
				COPY_PHASE_STRIP = NO;
				DEBUG_INFORMATION_FORMAT = dwarf;
				ENABLE_STRICT_OBJC_MSGSEND = YES;
				ENABLE_TESTABILITY = YES;
				GCC_C_LANGUAGE_STANDARD = gnu11;
				GCC_DYNAMIC_NO_PIC = NO;
				GCC_NO_COMMON_BLOCKS = YES;
				GCC_OPTIMIZATION_LEVEL = 0;
				GCC_PREPROCESSOR_DEFINITIONS = (
					"DEBUG=1",
					"$(inherited)",
				);
				GCC_WARN_64_TO_32_BIT_CONVERSION = YES;
				GCC_WARN_ABOUT_RETURN_TYPE = YES_ERROR;
				GCC_WARN_UNDECLARED_SELECTOR = YES;
				GCC_WARN_UNINITIALIZED_AUTOS = YES_AGGRESSIVE;
				GCC_WARN_UNUSED_FUNCTION = YES;
				GCC_WARN_UNUSED_VARIABLE = YES;
				IPHONEOS_DEPLOYMENT_TARGET = 11.0;
				MTL_ENABLE_DEBUG_INFO = YES;
				ONLY_ACTIVE_ARCH = YES;
				SDKROOT = iphoneos;
				SWIFT_ACTIVE_COMPILATION_CONDITIONS = DEBUG;
				SWIFT_OPTIMIZATION_LEVEL = "-Onone";
			};
			name = Debug;
		};
		F0BAEFF21F91173E0073BDE9 /* Release */ = {
			isa = XCBuildConfiguration;
			buildSettings = {
				ALWAYS_SEARCH_USER_PATHS = NO;
				CLANG_ANALYZER_NONNULL = YES;
				CLANG_ANALYZER_NUMBER_OBJECT_CONVERSION = YES_AGGRESSIVE;
				CLANG_CXX_LANGUAGE_STANDARD = "gnu++14";
				CLANG_CXX_LIBRARY = "libc++";
				CLANG_ENABLE_MODULES = YES;
				CLANG_ENABLE_OBJC_ARC = YES;
				CLANG_WARN_BLOCK_CAPTURE_AUTORELEASING = YES;
				CLANG_WARN_BOOL_CONVERSION = YES;
				CLANG_WARN_COMMA = YES;
				CLANG_WARN_CONSTANT_CONVERSION = YES;
				CLANG_WARN_DIRECT_OBJC_ISA_USAGE = YES_ERROR;
				CLANG_WARN_DOCUMENTATION_COMMENTS = YES;
				CLANG_WARN_EMPTY_BODY = YES;
				CLANG_WARN_ENUM_CONVERSION = YES;
				CLANG_WARN_INFINITE_RECURSION = YES;
				CLANG_WARN_INT_CONVERSION = YES;
				CLANG_WARN_NON_LITERAL_NULL_CONVERSION = YES;
				CLANG_WARN_OBJC_LITERAL_CONVERSION = YES;
				CLANG_WARN_OBJC_ROOT_CLASS = YES_ERROR;
				CLANG_WARN_RANGE_LOOP_ANALYSIS = YES;
				CLANG_WARN_STRICT_PROTOTYPES = YES;
				CLANG_WARN_SUSPICIOUS_MOVE = YES;
				CLANG_WARN_UNGUARDED_AVAILABILITY = YES_AGGRESSIVE;
				CLANG_WARN_UNREACHABLE_CODE = YES;
				CLANG_WARN__DUPLICATE_METHOD_MATCH = YES;
				CODE_SIGN_IDENTITY = "iPhone Developer";
				COPY_PHASE_STRIP = NO;
				DEBUG_INFORMATION_FORMAT = "dwarf-with-dsym";
				ENABLE_NS_ASSERTIONS = NO;
				ENABLE_STRICT_OBJC_MSGSEND = YES;
				GCC_C_LANGUAGE_STANDARD = gnu11;
				GCC_NO_COMMON_BLOCKS = YES;
				GCC_WARN_64_TO_32_BIT_CONVERSION = YES;
				GCC_WARN_ABOUT_RETURN_TYPE = YES_ERROR;
				GCC_WARN_UNDECLARED_SELECTOR = YES;
				GCC_WARN_UNINITIALIZED_AUTOS = YES_AGGRESSIVE;
				GCC_WARN_UNUSED_FUNCTION = YES;
				GCC_WARN_UNUSED_VARIABLE = YES;
				IPHONEOS_DEPLOYMENT_TARGET = 11.0;
				MTL_ENABLE_DEBUG_INFO = NO;
				SDKROOT = iphoneos;
				SWIFT_OPTIMIZATION_LEVEL = "-Owholemodule";
				VALIDATE_PRODUCT = YES;
			};
			name = Release;
		};
		F0BAEFF41F91173E0073BDE9 /* Debug */ = {
			isa = XCBuildConfiguration;
			buildSettings = {
				ASSETCATALOG_COMPILER_APPICON_NAME = AppIcon;
				CODE_SIGN_STYLE = Automatic;
				INFOPLIST_FILE = SwiftForManga/Info.plist;
				LD_RUNPATH_SEARCH_PATHS = "$(inherited) @executable_path/Frameworks";
				PRODUCT_BUNDLE_IDENTIFIER = jp.kter.SwiftForManga;
				PRODUCT_NAME = "$(TARGET_NAME)";
				SWIFT_VERSION = 4.0;
				TARGETED_DEVICE_FAMILY = "1,2";
			};
			name = Debug;
		};
		F0BAEFF51F91173E0073BDE9 /* Release */ = {
			isa = XCBuildConfiguration;
			buildSettings = {
				ASSETCATALOG_COMPILER_APPICON_NAME = AppIcon;
				CODE_SIGN_STYLE = Automatic;
				INFOPLIST_FILE = SwiftForManga/Info.plist;
				LD_RUNPATH_SEARCH_PATHS = "$(inherited) @executable_path/Frameworks";
				PRODUCT_BUNDLE_IDENTIFIER = jp.kter.SwiftForManga;
				PRODUCT_NAME = "$(TARGET_NAME)";
				SWIFT_VERSION = 4.0;
				TARGETED_DEVICE_FAMILY = "1,2";
			};
			name = Release;
		};
/* End XCBuildConfiguration section */

/* Begin XCConfigurationList section */
		F0BAEFDC1F91173E0073BDE9 /* Build configuration list for PBXProject "SwiftForManga" */ = {
			isa = XCConfigurationList;
			buildConfigurations = (
				F0BAEFF11F91173E0073BDE9 /* Debug */,
				F0BAEFF21F91173E0073BDE9 /* Release */,
			);
			defaultConfigurationIsVisible = 0;
			defaultConfigurationName = Release;
		};
		F0BAEFF31F91173E0073BDE9 /* Build configuration list for PBXNativeTarget "SwiftForManga" */ = {
			isa = XCConfigurationList;
			buildConfigurations = (
				F0BAEFF41F91173E0073BDE9 /* Debug */,
				F0BAEFF51F91173E0073BDE9 /* Release */,
			);
			defaultConfigurationIsVisible = 0;
			defaultConfigurationName = Release;
		};
/* End XCConfigurationList section */
	};
	rootObject = F0BAEFD91F91173E0073BDE9 /* Project object */;
}
